
Microsoft Visual Studio Solution File, Format Version 12.00
# Visual Studio Version 17
VisualStudioVersion = 17.5.002.0
MinimumVisualStudioVersion = 10.0.40219.1
Project("{9A19103F-16F7-4668-BE54-9A1E7A4F7556}") = "Exercicio1_Aula5", "Exercicio1_Aula5.csproj", "{50AA8CFB-0212-43F3-901A-09469A336AF1}"
EndProject
Global
	GlobalSection(SolutionConfigurationPlatforms) = preSolution
		Debug|Any CPU = Debug|Any CPU
		Release|Any CPU = Release|Any CPU
	EndGlobalSection
	GlobalSection(ProjectConfigurationPlatforms) = postSolution
		{50AA8CFB-0212-43F3-901A-09469A336AF1}.Debug|Any CPU.ActiveCfg = Debug|Any CPU
		{50AA8CFB-0212-43F3-901A-09469A336AF1}.Debug|Any CPU.Build.0 = Debug|Any CPU
		{50AA8CFB-0212-43F3-901A-09469A336AF1}.Release|Any CPU.ActiveCfg = Release|Any CPU
		{50AA8CFB-0212-43F3-901A-09469A336AF1}.Release|Any CPU.Build.0 = Release|Any CPU
	EndGlobalSection
	GlobalSection(SolutionProperties) = preSolution
		HideSolutionNode = FALSE
	EndGlobalSection
	GlobalSection(ExtensibilityGlobals) = postSolution
		SolutionGuid = {85F3BE49-7F59-4737-9F20-DDB67D89EC38}
	EndGlobalSection
EndGlobal
